// !$*UTF8*$!
{
	archiveVersion = 1;
	classes = {
	};
	objectVersion = 46;
	objects = {

/* Begin PBXBuildFile section */
		D49196B21E08B44900645591 /* AppDelegate.swift in Sources */ = {isa = PBXBuildFile; fileRef = D49196B11E08B44900645591 /* AppDelegate.swift */; };
		D49196B41E08B44900645591 /* art.scnassets in Resources */ = {isa = PBXBuildFile; fileRef = D49196B31E08B44900645591 /* art.scnassets */; };
		D49196B61E08B44900645591 /* GameViewController.swift in Sources */ = {isa = PBXBuildFile; fileRef = D49196B51E08B44900645591 /* GameViewController.swift */; };
		D49196B91E08B44900645591 /* Main.storyboard in Resources */ = {isa = PBXBuildFile; fileRef = D49196B71E08B44900645591 /* Main.storyboard */; };
		D49196BB1E08B44900645591 /* Assets.xcassets in Resources */ = {isa = PBXBuildFile; fileRef = D49196BA1E08B44900645591 /* Assets.xcassets */; };
		D49196BE1E08B44900645591 /* LaunchScreen.storyboard in Resources */ = {isa = PBXBuildFile; fileRef = D49196BC1E08B44900645591 /* LaunchScreen.storyboard */; };
		D49196C61E08B4BB00645591 /* DaydreamController.swift in Sources */ = {isa = PBXBuildFile; fileRef = D49196C51E08B4BB00645591 /* DaydreamController.swift */; };
		D49196C81E08C7ED00645591 /* README.md in Sources */ = {isa = PBXBuildFile; fileRef = D49196C71E08C7ED00645591 /* README.md */; };
/* End PBXBuildFile section */

/* Begin PBXFileReference section */
		D49196AE1E08B44900645591 /* DaydreamController.app */ = {isa = PBXFileReference; explicitFileType = wrapper.application; includeInIndex = 0; path = DaydreamController.app; sourceTree = BUILT_PRODUCTS_DIR; };
		D49196B11E08B44900645591 /* AppDelegate.swift */ = {isa = PBXFileReference; lastKnownFileType = sourcecode.swift; path = AppDelegate.swift; sourceTree = "<group>"; };
		D49196B31E08B44900645591 /* art.scnassets */ = {isa = PBXFileReference; lastKnownFileType = wrapper.scnassets; path = art.scnassets; sourceTree = "<group>"; };
		D49196B51E08B44900645591 /* GameViewController.swift */ = {isa = PBXFileReference; lastKnownFileType = sourcecode.swift; path = GameViewController.swift; sourceTree = "<group>"; };
		D49196B81E08B44900645591 /* Base */ = {isa = PBXFileReference; lastKnownFileType = file.storyboard; name = Base; path = Base.lproj/Main.storyboard; sourceTree = "<group>"; };
		D49196BA1E08B44900645591 /* Assets.xcassets */ = {isa = PBXFileReference; lastKnownFileType = folder.assetcatalog; path = Assets.xcassets; sourceTree = "<group>"; };
		D49196BD1E08B44900645591 /* Base */ = {isa = PBXFileReference; lastKnownFileType = file.storyboard; name = Base; path = Base.lproj/LaunchScreen.storyboard; sourceTree = "<group>"; };
		D49196BF1E08B44900645591 /* Info.plist */ = {isa = PBXFileReference; lastKnownFileType = text.plist.xml; path = Info.plist; sourceTree = "<group>"; };
		D49196C51E08B4BB00645591 /* DaydreamController.swift */ = {isa = PBXFileReference; fileEncoding = 4; lastKnownFileType = sourcecode.swift; path = DaydreamController.swift; sourceTree = "<group>"; };
		D49196C71E08C7ED00645591 /* README.md */ = {isa = PBXFileReference; fileEncoding = 4; lastKnownFileType = net.daringfireball.markdown; path = README.md; sourceTree = "<group>"; };
/* End PBXFileReference section */

/* Begin PBXFrameworksBuildPhase section */
		D49196AB1E08B44900645591 /* Frameworks */ = {
			isa = PBXFrameworksBuildPhase;
			buildActionMask = 2147483647;
			files = (
			);
			runOnlyForDeploymentPostprocessing = 0;
		};
/* End PBXFrameworksBuildPhase section */

/* Begin PBXGroup section */
		D49196A51E08B44900645591 = {
			isa = PBXGroup;
			children = (
				D49196C71E08C7ED00645591 /* README.md */,
				D49196B01E08B44900645591 /* DaydreamController */,
				D49196AF1E08B44900645591 /* Products */,
			);
			sourceTree = "<group>";
		};
		D49196AF1E08B44900645591 /* Products */ = {
			isa = PBXGroup;
			children = (
				D49196AE1E08B44900645591 /* DaydreamController.app */,
			);
			name = Products;
			sourceTree = "<group>";
		};
		D49196B01E08B44900645591 /* DaydreamController */ = {
			isa = PBXGroup;
			children = (
				D49196C51E08B4BB00645591 /* DaydreamController.swift */,
				D49196B51E08B44900645591 /* GameViewController.swift */,
				D49196B11E08B44900645591 /* AppDelegate.swift */,
				D49196B31E08B44900645591 /* art.scnassets */,
				D49196B71E08B44900645591 /* Main.storyboard */,
				D49196BA1E08B44900645591 /* Assets.xcassets */,
				D49196BC1E08B44900645591 /* LaunchScreen.storyboard */,
				D49196BF1E08B44900645591 /* Info.plist */,
			);
			path = DaydreamController;
			sourceTree = "<group>";
		};
/* End PBXGroup section */

/* Begin PBXNativeTarget section */
		D49196AD1E08B44900645591 /* DaydreamController */ = {
			isa = PBXNativeTarget;
			buildConfigurationList = D49196C21E08B44900645591 /* Build configuration list for PBXNativeTarget "DaydreamController" */;
			buildPhases = (
				D49196AA1E08B44900645591 /* Sources */,
				D49196AB1E08B44900645591 /* Frameworks */,
				D49196AC1E08B44900645591 /* Resources */,
			);
			buildRules = (
			);
			dependencies = (
			);
			name = DaydreamController;
			productName = DaydreamController;
			productReference = D49196AE1E08B44900645591 /* DaydreamController.app */;
			productType = "com.apple.product-type.application";
		};
/* End PBXNativeTarget section */

/* Begin PBXProject section */
		D49196A61E08B44900645591 /* Project object */ = {
			isa = PBXProject;
			attributes = {
				LastSwiftUpdateCheck = 0820;
				LastUpgradeCheck = 0820;
				ORGANIZATIONNAME = "Carsten Weiße";
				TargetAttributes = {
					D49196AD1E08B44900645591 = {
						CreatedOnToolsVersion = 8.2;
						ProvisioningStyle = Automatic;
					};
				};
			};
			buildConfigurationList = D49196A91E08B44900645591 /* Build configuration list for PBXProject "DaydreamController" */;
			compatibilityVersion = "Xcode 3.2";
			developmentRegion = English;
			hasScannedForEncodings = 0;
			knownRegions = (
				en,
				Base,
			);
			mainGroup = D49196A51E08B44900645591;
			productRefGroup = D49196AF1E08B44900645591 /* Products */;
			projectDirPath = "";
			projectRoot = "";
			targets = (
				D49196AD1E08B44900645591 /* DaydreamController */,
			);
		};
/* End PBXProject section */

/* Begin PBXResourcesBuildPhase section */
		D49196AC1E08B44900645591 /* Resources */ = {
			isa = PBXResourcesBuildPhase;
			buildActionMask = 2147483647;
			files = (
				D49196B41E08B44900645591 /* art.scnassets in Resources */,
				D49196BE1E08B44900645591 /* LaunchScreen.storyboard in Resources */,
				D49196BB1E08B44900645591 /* Assets.xcassets in Resources */,
				D49196B91E08B44900645591 /* Main.storyboard in Resources */,
			);
			runOnlyForDeploymentPostprocessing = 0;
		};
/* End PBXResourcesBuildPhase section */

/* Begin PBXSourcesBuildPhase section */
		D49196AA1E08B44900645591 /* Sources */ = {
			isa = PBXSourcesBuildPhase;
			buildActionMask = 2147483647;
			files = (
				D49196B61E08B44900645591 /* GameViewController.swift in Sources */,
				D49196B21E08B44900645591 /* AppDelegate.swift in Sources */,
				D49196C81E08C7ED00645591 /* README.md in Sources */,
				D49196C61E08B4BB00645591 /* DaydreamController.swift in Sources */,
			);
			runOnlyForDeploymentPostprocessing = 0;
		};
/* End PBXSourcesBuildPhase section */

/* Begin PBXVariantGroup section */
		D49196B71E08B44900645591 /* Main.storyboard */ = {
			isa = PBXVariantGroup;
			children = (
				D49196B81E08B44900645591 /* Base */,
			);
			name = Main.storyboard;
			sourceTree = "<group>";
		};
		D49196BC1E08B44900645591 /* LaunchScreen.storyboard */ = {
			isa = PBXVariantGroup;
			children = (
				D49196BD1E08B44900645591 /* Base */,
			);
			name = LaunchScreen.storyboard;
			sourceTree = "<group>";
		};
/* End PBXVariantGroup section */

/* Begin XCBuildConfiguration section */
		D49196C01E08B44900645591 /* Debug */ = {
			isa = XCBuildConfiguration;
			buildSettings = {
				ALWAYS_SEARCH_USER_PATHS = NO;
				CLANG_ANALYZER_NONNULL = YES;
				CLANG_CXX_LANGUAGE_STANDARD = "gnu++0x";
				CLANG_CXX_LIBRARY = "libc++";
				CLANG_ENABLE_MODULES = YES;
				CLANG_ENABLE_OBJC_ARC = YES;
				CLANG_WARN_BOOL_CONVERSION = YES;
				CLANG_WARN_CONSTANT_CONVERSION = YES;
				CLANG_WARN_DIRECT_OBJC_ISA_USAGE = YES_ERROR;
				CLANG_WARN_DOCUMENTATION_COMMENTS = YES;
				CLANG_WARN_EMPTY_BODY = YES;
				CLANG_WARN_ENUM_CONVERSION = YES;
				CLANG_WARN_INFINITE_RECURSION = YES;
				CLANG_WARN_INT_CONVERSION = YES;
				CLANG_WARN_OBJC_ROOT_CLASS = YES_ERROR;
				CLANG_WARN_SUSPICIOUS_MOVE = YES;
				CLANG_WARN_UNREACHABLE_CODE = YES;
				CLANG_WARN__DUPLICATE_METHOD_MATCH = YES;
				"CODE_SIGN_IDENTITY[sdk=iphoneos*]" = "iPhone Developer";
				COPY_PHASE_STRIP = NO;
				DEBUG_INFORMATION_FORMAT = dwarf;
				ENABLE_STRICT_OBJC_MSGSEND = YES;
				ENABLE_TESTABILITY = YES;
				GCC_C_LANGUAGE_STANDARD = gnu99;
				GCC_DYNAMIC_NO_PIC = NO;
				GCC_NO_COMMON_BLOCKS = YES;
				GCC_OPTIMIZATION_LEVEL = 0;
				GCC_PREPROCESSOR_DEFINITIONS = (
					"DEBUG=1",
					"$(inherited)",
				);
				GCC_WARN_64_TO_32_BIT_CONVERSION = YES;
				GCC_WARN_ABOUT_RETURN_TYPE = YES_ERROR;
				GCC_WARN_UNDECLARED_SELECTOR = YES;
				GCC_WARN_UNINITIALIZED_AUTOS = YES_AGGRESSIVE;
				GCC_WARN_UNUSED_FUNCTION = YES;
				GCC_WARN_UNUSED_VARIABLE = YES;
				IPHONEOS_DEPLOYMENT_TARGET = 10.2;
				MTL_ENABLE_DEBUG_INFO = YES;
				ONLY_ACTIVE_ARCH = YES;
				SDKROOT = iphoneos;
				SWIFT_ACTIVE_COMPILATION_CONDITIONS = DEBUG;
				SWIFT_OPTIMIZATION_LEVEL = "-Onone";
			};
			name = Debug;
		};
		D49196C11E08B44900645591 /* Release */ = {
			isa = XCBuildConfiguration;
			buildSettings = {
				ALWAYS_SEARCH_USER_PATHS = NO;
				CLANG_ANALYZER_NONNULL = YES;
				CLANG_CXX_LANGUAGE_STANDARD = "gnu++0x";
				CLANG_CXX_LIBRARY = "libc++";
				CLANG_ENABLE_MODULES = YES;
				CLANG_ENABLE_OBJC_ARC = YES;
				CLANG_WARN_BOOL_CONVERSION = YES;
				CLANG_WARN_CONSTANT_CONVERSION = YES;
				CLANG_WARN_DIRECT_OBJC_ISA_USAGE = YES_ERROR;
				CLANG_WARN_DOCUMENTATION_COMMENTS = YES;
				CLANG_WARN_EMPTY_BODY = YES;
				CLANG_WARN_ENUM_CONVERSION = YES;
				CLANG_WARN_INFINITE_RECURSION = YES;
				CLANG_WARN_INT_CONVERSION = YES;
				CLANG_WARN_OBJC_ROOT_CLASS = YES_ERROR;
				CLANG_WARN_SUSPICIOUS_MOVE = YES;
				CLANG_WARN_UNREACHABLE_CODE = YES;
				CLANG_WARN__DUPLICATE_METHOD_MATCH = YES;
				"CODE_SIGN_IDENTITY[sdk=iphoneos*]" = "iPhone Developer";
				COPY_PHASE_STRIP = NO;
				DEBUG_INFORMATION_FORMAT = "dwarf-with-dsym";
				ENABLE_NS_ASSERTIONS = NO;
				ENABLE_STRICT_OBJC_MSGSEND = YES;
				GCC_C_LANGUAGE_STANDARD = gnu99;
				GCC_NO_COMMON_BLOCKS = YES;
				GCC_WARN_64_TO_32_BIT_CONVERSION = YES;
				GCC_WARN_ABOUT_RETURN_TYPE = YES_ERROR;
				GCC_WARN_UNDECLARED_SELECTOR = YES;
				GCC_WARN_UNINITIALIZED_AUTOS = YES_AGGRESSIVE;
				GCC_WARN_UNUSED_FUNCTION = YES;
				GCC_WARN_UNUSED_VARIABLE = YES;
				IPHONEOS_DEPLOYMENT_TARGET = 10.2;
				MTL_ENABLE_DEBUG_INFO = NO;
				SDKROOT = iphoneos;
				SWIFT_OPTIMIZATION_LEVEL = "-Owholemodule";
				VALIDATE_PRODUCT = YES;
			};
			name = Release;
		};
		D49196C31E08B44900645591 /* Debug */ = {
			isa = XCBuildConfiguration;
			buildSettings = {
				ASSETCATALOG_COMPILER_APPICON_NAME = AppIcon;
				DEVELOPMENT_TEAM = "";
				INFOPLIST_FILE = DaydreamController/Info.plist;
				LD_RUNPATH_SEARCH_PATHS = "$(inherited) @executable_path/Frameworks";
				PRODUCT_BUNDLE_IDENTIFIER = de.bytonic.DaydreamController;
				PRODUCT_NAME = "$(TARGET_NAME)";
				SWIFT_VERSION = 3.0;
			};
			name = Debug;
		};
		D49196C41E08B44900645591 /* Release */ = {
			isa = XCBuildConfiguration;
			buildSettings = {
				ASSETCATALOG_COMPILER_APPICON_NAME = AppIcon;
				DEVELOPMENT_TEAM = "";
				INFOPLIST_FILE = DaydreamController/Info.plist;
				LD_RUNPATH_SEARCH_PATHS = "$(inherited) @executable_path/Frameworks";
				PRODUCT_BUNDLE_IDENTIFIER = de.bytonic.DaydreamController;
				PRODUCT_NAME = "$(TARGET_NAME)";
				SWIFT_VERSION = 3.0;
			};
			name = Release;
		};
/* End XCBuildConfiguration section */

/* Begin XCConfigurationList section */
		D49196A91E08B44900645591 /* Build configuration list for PBXProject "DaydreamController" */ = {
			isa = XCConfigurationList;
			buildConfigurations = (
				D49196C01E08B44900645591 /* Debug */,
				D49196C11E08B44900645591 /* Release */,
			);
			defaultConfigurationIsVisible = 0;
			defaultConfigurationName = Release;
		};
		D49196C21E08B44900645591 /* Build configuration list for PBXNativeTarget "DaydreamController" */ = {
			isa = XCConfigurationList;
			buildConfigurations = (
				D49196C31E08B44900645591 /* Debug */,
				D49196C41E08B44900645591 /* Release */,
			);
			defaultConfigurationIsVisible = 0;
			defaultConfigurationName = Release;
		};
/* End XCConfigurationList section */
	};
	rootObject = D49196A61E08B44900645591 /* Project object */;
}
